// !$*UTF8*$!
{
	archiveVersion = 1;
	classes = {
	};
	objectVersion = 56;
	objects = {

/* Begin PBXBuildFile section */
		161AA25F2BC8B7F70013FC49 /* AppDelegate.swift in Sources */ = {isa = PBXBuildFile; fileRef = 161AA25E2BC8B7F70013FC49 /* AppDelegate.swift */; };
		161AA2612BC8B7F70013FC49 /* SceneDelegate.swift in Sources */ = {isa = PBXBuildFile; fileRef = 161AA2602BC8B7F70013FC49 /* SceneDelegate.swift */; };
		161AA2632BC8B7F70013FC49 /* ViewController.swift in Sources */ = {isa = PBXBuildFile; fileRef = 161AA2622BC8B7F70013FC49 /* ViewController.swift */; };
		161AA2662BC8B7F70013FC49 /* Base in Resources */ = {isa = PBXBuildFile; fileRef = 161AA2652BC8B7F70013FC49 /* Base */; };
		161AA2682BC8B7F90013FC49 /* Assets.xcassets in Resources */ = {isa = PBXBuildFile; fileRef = 161AA2672BC8B7F90013FC49 /* Assets.xcassets */; };
		161AA26B2BC8B7F90013FC49 /* Base in Resources */ = {isa = PBXBuildFile; fileRef = 161AA26A2BC8B7F90013FC49 /* Base */; };
/* End PBXBuildFile section */

/* Begin PBXFileReference section */
		161AA25B2BC8B7F70013FC49 /* GSE.app */ = {isa = PBXFileReference; explicitFileType = wrapper.application; includeInIndex = 0; path = GSE.app; sourceTree = BUILT_PRODUCTS_DIR; };
		161AA25E2BC8B7F70013FC49 /* AppDelegate.swift */ = {isa = PBXFileReference; lastKnownFileType = sourcecode.swift; path = AppDelegate.swift; sourceTree = "<group>"; };
		161AA2602BC8B7F70013FC49 /* SceneDelegate.swift */ = {isa = PBXFileReference; lastKnownFileType = sourcecode.swift; path = SceneDelegate.swift; sourceTree = "<group>"; };
		161AA2622BC8B7F70013FC49 /* ViewController.swift */ = {isa = PBXFileReference; lastKnownFileType = sourcecode.swift; path = ViewController.swift; sourceTree = "<group>"; };
		161AA2652BC8B7F70013FC49 /* Base */ = {isa = PBXFileReference; lastKnownFileType = file.storyboard; name = Base; path = Base.lproj/Main.storyboard; sourceTree = "<group>"; };
		161AA2672BC8B7F90013FC49 /* Assets.xcassets */ = {isa = PBXFileReference; lastKnownFileType = folder.assetcatalog; path = Assets.xcassets; sourceTree = "<group>"; };
		161AA26A2BC8B7F90013FC49 /* Base */ = {isa = PBXFileReference; lastKnownFileType = file.storyboard; name = Base; path = Base.lproj/LaunchScreen.storyboard; sourceTree = "<group>"; };
		161AA26C2BC8B7F90013FC49 /* Info.plist */ = {isa = PBXFileReference; lastKnownFileType = text.plist.xml; path = Info.plist; sourceTree = "<group>"; };
		161AA2732BC8B9EA0013FC49 /* Data */ = {isa = PBXFileReference; lastKnownFileType = wrapper; path = Data; sourceTree = "<group>"; };
		161AA2742BC8BA270013FC49 /* Domain */ = {isa = PBXFileReference; lastKnownFileType = wrapper; path = Domain; sourceTree = "<group>"; };
		161AA2752BC8BA2A0013FC49 /* Presentation */ = {isa = PBXFileReference; lastKnownFileType = wrapper; path = Presentation; sourceTree = "<group>"; };
		161AA2772BC8BA4D0013FC49 /* Shared */ = {isa = PBXFileReference; lastKnownFileType = wrapper; path = Shared; sourceTree = "<group>"; };
/* End PBXFileReference section */

/* Begin PBXFrameworksBuildPhase section */
		161AA2582BC8B7F70013FC49 /* Frameworks */ = {
			isa = PBXFrameworksBuildPhase;
			buildActionMask = 2147483647;
			files = (
			);
			runOnlyForDeploymentPostprocessing = 0;
		};
/* End PBXFrameworksBuildPhase section */

/* Begin PBXGroup section */
		161AA2522BC8B7F70013FC49 = {
			isa = PBXGroup;
			children = (
				161AA2722BC8B9B50013FC49 /* Package */,
				161AA25D2BC8B7F70013FC49 /* GSE */,
				161AA25C2BC8B7F70013FC49 /* Products */,
			);
			sourceTree = "<group>";
		};
		161AA25C2BC8B7F70013FC49 /* Products */ = {
			isa = PBXGroup;
			children = (
				161AA25B2BC8B7F70013FC49 /* GSE.app */,
			);
			name = Products;
			sourceTree = "<group>";
		};
		161AA25D2BC8B7F70013FC49 /* GSE */ = {
			isa = PBXGroup;
			children = (
				161AA25E2BC8B7F70013FC49 /* AppDelegate.swift */,
				161AA2602BC8B7F70013FC49 /* SceneDelegate.swift */,
				161AA2622BC8B7F70013FC49 /* ViewController.swift */,
				161AA2642BC8B7F70013FC49 /* Main.storyboard */,
				161AA2672BC8B7F90013FC49 /* Assets.xcassets */,
				161AA2692BC8B7F90013FC49 /* LaunchScreen.storyboard */,
				161AA26C2BC8B7F90013FC49 /* Info.plist */,
			);
			path = GSE;
			sourceTree = "<group>";
		};
		161AA2722BC8B9B50013FC49 /* Package */ = {
			isa = PBXGroup;
			children = (
				161AA2732BC8B9EA0013FC49 /* Data */,
				161AA2742BC8BA270013FC49 /* Domain */,
				161AA2752BC8BA2A0013FC49 /* Presentation */,
				161AA2772BC8BA4D0013FC49 /* Shared */,
			);
			path = Package;
			sourceTree = "<group>";
		};
/* End PBXGroup section */

/* Begin PBXNativeTarget section */
		161AA25A2BC8B7F70013FC49 /* GSE */ = {
			isa = PBXNativeTarget;
			buildConfigurationList = 161AA26F2BC8B7F90013FC49 /* Build configuration list for PBXNativeTarget "GSE" */;
			buildPhases = (
				161AA2572BC8B7F70013FC49 /* Sources */,
				161AA2582BC8B7F70013FC49 /* Frameworks */,
				161AA2592BC8B7F70013FC49 /* Resources */,
			);
			buildRules = (
			);
			dependencies = (
			);
			name = GSE;
			productName = GSE;
			productReference = 161AA25B2BC8B7F70013FC49 /* GSE.app */;
			productType = "com.apple.product-type.application";
		};
/* End PBXNativeTarget section */

/* Begin PBXProject section */
		161AA2532BC8B7F70013FC49 /* Project object */ = {
			isa = PBXProject;
			attributes = {
				BuildIndependentTargetsInParallel = 1;
				LastSwiftUpdateCheck = 1530;
				LastUpgradeCheck = 1530;
				TargetAttributes = {
					161AA25A2BC8B7F70013FC49 = {
						CreatedOnToolsVersion = 15.3;
					};
				};
			};
			buildConfigurationList = 161AA2562BC8B7F70013FC49 /* Build configuration list for PBXProject "GSE" */;
			compatibilityVersion = "Xcode 14.0";
			developmentRegion = en;
			hasScannedForEncodings = 0;
			knownRegions = (
				en,
				Base,
			);
			mainGroup = 161AA2522BC8B7F70013FC49;
			productRefGroup = 161AA25C2BC8B7F70013FC49 /* Products */;
			projectDirPath = "";
			projectRoot = "";
			targets = (
				161AA25A2BC8B7F70013FC49 /* GSE */,
			);
		};
/* End PBXProject section */

/* Begin PBXResourcesBuildPhase section */
		161AA2592BC8B7F70013FC49 /* Resources */ = {
			isa = PBXResourcesBuildPhase;
			buildActionMask = 2147483647;
			files = (
				161AA2682BC8B7F90013FC49 /* Assets.xcassets in Resources */,
				161AA26B2BC8B7F90013FC49 /* Base in Resources */,
				161AA2662BC8B7F70013FC49 /* Base in Resources */,
			);
			runOnlyForDeploymentPostprocessing = 0;
		};
/* End PBXResourcesBuildPhase section */

/* Begin PBXSourcesBuildPhase section */
		161AA2572BC8B7F70013FC49 /* Sources */ = {
			isa = PBXSourcesBuildPhase;
			buildActionMask = 2147483647;
			files = (
				161AA2632BC8B7F70013FC49 /* ViewController.swift in Sources */,
				161AA25F2BC8B7F70013FC49 /* AppDelegate.swift in Sources */,
				161AA2612BC8B7F70013FC49 /* SceneDelegate.swift in Sources */,
			);
			runOnlyForDeploymentPostprocessing = 0;
		};
/* End PBXSourcesBuildPhase section */

/* Begin PBXVariantGroup section */
		161AA2642BC8B7F70013FC49 /* Main.storyboard */ = {
			isa = PBXVariantGroup;
			children = (
				161AA2652BC8B7F70013FC49 /* Base */,
			);
			name = Main.storyboard;
			sourceTree = "<group>";
		};
		161AA2692BC8B7F90013FC49 /* LaunchScreen.storyboard */ = {
			isa = PBXVariantGroup;
			children = (
				161AA26A2BC8B7F90013FC49 /* Base */,
			);
			name = LaunchScreen.storyboard;
			sourceTree = "<group>";
		};
/* End PBXVariantGroup section */

/* Begin XCBuildConfiguration section */
		161AA26D2BC8B7F90013FC49 /* Debug */ = {
			isa = XCBuildConfiguration;
			buildSettings = {
				ALWAYS_SEARCH_USER_PATHS = NO;
				ASSETCATALOG_COMPILER_GENERATE_SWIFT_ASSET_SYMBOL_EXTENSIONS = YES;
				CLANG_ANALYZER_NONNULL = YES;
				CLANG_ANALYZER_NUMBER_OBJECT_CONVERSION = YES_AGGRESSIVE;
				CLANG_CXX_LANGUAGE_STANDARD = "gnu++20";
				CLANG_ENABLE_MODULES = YES;
				CLANG_ENABLE_OBJC_ARC = YES;
				CLANG_ENABLE_OBJC_WEAK = YES;
				CLANG_WARN_BLOCK_CAPTURE_AUTORELEASING = YES;
				CLANG_WARN_BOOL_CONVERSION = YES;
				CLANG_WARN_COMMA = YES;
				CLANG_WARN_CONSTANT_CONVERSION = YES;
				CLANG_WARN_DEPRECATED_OBJC_IMPLEMENTATIONS = YES;
				CLANG_WARN_DIRECT_OBJC_ISA_USAGE = YES_ERROR;
				CLANG_WARN_DOCUMENTATION_COMMENTS = YES;
				CLANG_WARN_EMPTY_BODY = YES;
				CLANG_WARN_ENUM_CONVERSION = YES;
				CLANG_WARN_INFINITE_RECURSION = YES;
				CLANG_WARN_INT_CONVERSION = YES;
				CLANG_WARN_NON_LITERAL_NULL_CONVERSION = YES;
				CLANG_WARN_OBJC_IMPLICIT_RETAIN_SELF = YES;
				CLANG_WARN_OBJC_LITERAL_CONVERSION = YES;
				CLANG_WARN_OBJC_ROOT_CLASS = YES_ERROR;
				CLANG_WARN_QUOTED_INCLUDE_IN_FRAMEWORK_HEADER = YES;
				CLANG_WARN_RANGE_LOOP_ANALYSIS = YES;
				CLANG_WARN_STRICT_PROTOTYPES = YES;
				CLANG_WARN_SUSPICIOUS_MOVE = YES;
				CLANG_WARN_UNGUARDED_AVAILABILITY = YES_AGGRESSIVE;
				CLANG_WARN_UNREACHABLE_CODE = YES;
				CLANG_WARN__DUPLICATE_METHOD_MATCH = YES;
				COPY_PHASE_STRIP = NO;
				DEBUG_INFORMATION_FORMAT = dwarf;
				ENABLE_STRICT_OBJC_MSGSEND = YES;
				ENABLE_TESTABILITY = YES;
				ENABLE_USER_SCRIPT_SANDBOXING = YES;
				GCC_C_LANGUAGE_STANDARD = gnu17;
				GCC_DYNAMIC_NO_PIC = NO;
				GCC_NO_COMMON_BLOCKS = YES;
				GCC_OPTIMIZATION_LEVEL = 0;
				GCC_PREPROCESSOR_DEFINITIONS = (
					"DEBUG=1",
					"$(inherited)",
				);
				GCC_WARN_64_TO_32_BIT_CONVERSION = YES;
				GCC_WARN_ABOUT_RETURN_TYPE = YES_ERROR;
				GCC_WARN_UNDECLARED_SELECTOR = YES;
				GCC_WARN_UNINITIALIZED_AUTOS = YES_AGGRESSIVE;
				GCC_WARN_UNUSED_FUNCTION = YES;
				GCC_WARN_UNUSED_VARIABLE = YES;
				IPHONEOS_DEPLOYMENT_TARGET = 17.4;
				LOCALIZATION_PREFERS_STRING_CATALOGS = YES;
				MTL_ENABLE_DEBUG_INFO = INCLUDE_SOURCE;
				MTL_FAST_MATH = YES;
				ONLY_ACTIVE_ARCH = YES;
				SDKROOT = iphoneos;
				SWIFT_ACTIVE_COMPILATION_CONDITIONS = "DEBUG $(inherited)";
				SWIFT_OPTIMIZATION_LEVEL = "-Onone";
			};
			name = Debug;
		};
		161AA26E2BC8B7F90013FC49 /* Release */ = {
			isa = XCBuildConfiguration;
			buildSettings = {
				ALWAYS_SEARCH_USER_PATHS = NO;
				ASSETCATALOG_COMPILER_GENERATE_SWIFT_ASSET_SYMBOL_EXTENSIONS = YES;
				CLANG_ANALYZER_NONNULL = YES;
				CLANG_ANALYZER_NUMBER_OBJECT_CONVERSION = YES_AGGRESSIVE;
				CLANG_CXX_LANGUAGE_STANDARD = "gnu++20";
				CLANG_ENABLE_MODULES = YES;
				CLANG_ENABLE_OBJC_ARC = YES;
				CLANG_ENABLE_OBJC_WEAK = YES;
				CLANG_WARN_BLOCK_CAPTURE_AUTORELEASING = YES;
				CLANG_WARN_BOOL_CONVERSION = YES;
				CLANG_WARN_COMMA = YES;
				CLANG_WARN_CONSTANT_CONVERSION = YES;
				CLANG_WARN_DEPRECATED_OBJC_IMPLEMENTATIONS = YES;
				CLANG_WARN_DIRECT_OBJC_ISA_USAGE = YES_ERROR;
				CLANG_WARN_DOCUMENTATION_COMMENTS = YES;
				CLANG_WARN_EMPTY_BODY = YES;
				CLANG_WARN_ENUM_CONVERSION = YES;
				CLANG_WARN_INFINITE_RECURSION = YES;
				CLANG_WARN_INT_CONVERSION = YES;
				CLANG_WARN_NON_LITERAL_NULL_CONVERSION = YES;
				CLANG_WARN_OBJC_IMPLICIT_RETAIN_SELF = YES;
				CLANG_WARN_OBJC_LITERAL_CONVERSION = YES;
				CLANG_WARN_OBJC_ROOT_CLASS = YES_ERROR;
				CLANG_WARN_QUOTED_INCLUDE_IN_FRAMEWORK_HEADER = YES;
				CLANG_WARN_RANGE_LOOP_ANALYSIS = YES;
				CLANG_WARN_STRICT_PROTOTYPES = YES;
				CLANG_WARN_SUSPICIOUS_MOVE = YES;
				CLANG_WARN_UNGUARDED_AVAILABILITY = YES_AGGRESSIVE;
				CLANG_WARN_UNREACHABLE_CODE = YES;
				CLANG_WARN__DUPLICATE_METHOD_MATCH = YES;
				COPY_PHASE_STRIP = NO;
				DEBUG_INFORMATION_FORMAT = "dwarf-with-dsym";
				ENABLE_NS_ASSERTIONS = NO;
				ENABLE_STRICT_OBJC_MSGSEND = YES;
				ENABLE_USER_SCRIPT_SANDBOXING = YES;
				GCC_C_LANGUAGE_STANDARD = gnu17;
				GCC_NO_COMMON_BLOCKS = YES;
				GCC_WARN_64_TO_32_BIT_CONVERSION = YES;
				GCC_WARN_ABOUT_RETURN_TYPE = YES_ERROR;
				GCC_WARN_UNDECLARED_SELECTOR = YES;
				GCC_WARN_UNINITIALIZED_AUTOS = YES_AGGRESSIVE;
				GCC_WARN_UNUSED_FUNCTION = YES;
				GCC_WARN_UNUSED_VARIABLE = YES;
				IPHONEOS_DEPLOYMENT_TARGET = 17.4;
				LOCALIZATION_PREFERS_STRING_CATALOGS = YES;
				MTL_ENABLE_DEBUG_INFO = NO;
				MTL_FAST_MATH = YES;
				SDKROOT = iphoneos;
				SWIFT_COMPILATION_MODE = wholemodule;
				VALIDATE_PRODUCT = YES;
			};
			name = Release;
		};
		161AA2702BC8B7F90013FC49 /* Debug */ = {
			isa = XCBuildConfiguration;
			buildSettings = {
				ASSETCATALOG_COMPILER_APPICON_NAME = AppIcon;
				ASSETCATALOG_COMPILER_GLOBAL_ACCENT_COLOR_NAME = AccentColor;
				CODE_SIGN_STYLE = Automatic;
				CURRENT_PROJECT_VERSION = 1;
				DEVELOPMENT_TEAM = 5MRQMG4R3J;
				GENERATE_INFOPLIST_FILE = YES;
				INFOPLIST_FILE = GSE/Info.plist;
				INFOPLIST_KEY_UIApplicationSupportsIndirectInputEvents = YES;
				INFOPLIST_KEY_UILaunchStoryboardName = LaunchScreen;
				INFOPLIST_KEY_UIMainStoryboardFile = Main;
				INFOPLIST_KEY_UISupportedInterfaceOrientations = UIInterfaceOrientationPortrait;
				INFOPLIST_KEY_UISupportedInterfaceOrientations_iPad = "UIInterfaceOrientationLandscapeLeft UIInterfaceOrientationLandscapeRight UIInterfaceOrientationPortrait UIInterfaceOrientationPortraitUpsideDown";
				LD_RUNPATH_SEARCH_PATHS = (
					"$(inherited)",
					"@executable_path/Frameworks",
				);
				MARKETING_VERSION = 1.0;
				PRODUCT_BUNDLE_IDENTIFIER = com.GSE;
				PRODUCT_NAME = "$(TARGET_NAME)";
				SWIFT_EMIT_LOC_STRINGS = YES;
				SWIFT_VERSION = 5.0;
				TARGETED_DEVICE_FAMILY = "1,2";
			};
			name = Debug;
		};
		161AA2712BC8B7F90013FC49 /* Release */ = {
			isa = XCBuildConfiguration;
			buildSettings = {
				ASSETCATALOG_COMPILER_APPICON_NAME = AppIcon;
				ASSETCATALOG_COMPILER_GLOBAL_ACCENT_COLOR_NAME = AccentColor;
				CODE_SIGN_STYLE = Automatic;
				CURRENT_PROJECT_VERSION = 1;
				DEVELOPMENT_TEAM = 5MRQMG4R3J;
				GENERATE_INFOPLIST_FILE = YES;
				INFOPLIST_FILE = GSE/Info.plist;
				INFOPLIST_KEY_UIApplicationSupportsIndirectInputEvents = YES;
				INFOPLIST_KEY_UILaunchStoryboardName = LaunchScreen;
				INFOPLIST_KEY_UIMainStoryboardFile = Main;
				INFOPLIST_KEY_UISupportedInterfaceOrientations = UIInterfaceOrientationPortrait;
				INFOPLIST_KEY_UISupportedInterfaceOrientations_iPad = "UIInterfaceOrientationLandscapeLeft UIInterfaceOrientationLandscapeRight UIInterfaceOrientationPortrait UIInterfaceOrientationPortraitUpsideDown";
				LD_RUNPATH_SEARCH_PATHS = (
					"$(inherited)",
					"@executable_path/Frameworks",
				);
				MARKETING_VERSION = 1.0;
				PRODUCT_BUNDLE_IDENTIFIER = com.GSE;
				PRODUCT_NAME = "$(TARGET_NAME)";
				SWIFT_EMIT_LOC_STRINGS = YES;
				SWIFT_VERSION = 5.0;
				TARGETED_DEVICE_FAMILY = "1,2";
			};
			name = Release;
		};
/* End XCBuildConfiguration section */

/* Begin XCConfigurationList section */
		161AA2562BC8B7F70013FC49 /* Build configuration list for PBXProject "GSE" */ = {
			isa = XCConfigurationList;
			buildConfigurations = (
				161AA26D2BC8B7F90013FC49 /* Debug */,
				161AA26E2BC8B7F90013FC49 /* Release */,
			);
			defaultConfigurationIsVisible = 0;
			defaultConfigurationName = Release;
		};
		161AA26F2BC8B7F90013FC49 /* Build configuration list for PBXNativeTarget "GSE" */ = {
			isa = XCConfigurationList;
			buildConfigurations = (
				161AA2702BC8B7F90013FC49 /* Debug */,
				161AA2712BC8B7F90013FC49 /* Release */,
			);
			defaultConfigurationIsVisible = 0;
			defaultConfigurationName = Release;
		};
/* End XCConfigurationList section */
	};
	rootObject = 161AA2532BC8B7F70013FC49 /* Project object */;
}
